# Generated by pub
# See https://dart.dev/tools/pub/glossary#lockfile
packages:
  async:
    dependency: transitive
    description:
      name: async
      sha256: "947bfcf187f74dbc5e146c9eb9c0f10c9f8b30743e341481c1e2ed3ecc18c20c"
      url: "https://pub.dev"
    source: hosted
    version: "2.11.0"
  characters:
    dependency: transitive
    description:
      name: characters
      sha256: "04a925763edad70e8443c99234dc3328f442e811f1d8fd1a72f1c8ad0f69a605"
      url: "https://pub.dev"
    source: hosted
    version: "1.3.0"
  collection:
    dependency: transitive
    description:
      name: collection
      sha256: a1ace0a119f20aabc852d165077c036cd864315bd99b7eaa10a60100341941bf
      url: "https://pub.dev"
    source: hosted
    version: "1.19.0"
  cupertino_icons:
    dependency: "direct main"
    description:
      name: cupertino_icons
      sha256: ba631d1c7f7bef6b729a622b7b752645a2d076dba9976925b8f25725a30e1ee6
      url: "https://pub.dev"
    source: hosted
    version: "1.0.8"
  flutter:
    dependency: "direct main"
    description: flutter
    source: sdk
    version: "0.0.0"
  flutter_dotenv:
    dependency: "direct main"
    description:
      name: flutter_dotenv
      sha256: b7c7be5cd9f6ef7a78429cabd2774d3c4af50e79cb2b7593e3d5d763ef95c61b
      url: "https://pub.dev"
    source: hosted
    version: "5.2.1"
  flutter_lints:
    dependency: "direct main"
    description:
      name: flutter_lints
      sha256: "5398f14efa795ffb7a33e9b6a08798b26a180edac4ad7db3f231e40f82ce11e1"
      url: "https://pub.dev"
    source: hosted
    version: "5.0.0"
  flutter_telegram_login:
    dependency: "direct main"
    description:
      name: flutter_telegram_login
      sha256: "6ebc8fce622eda13dbf6bdfd5bde3922ddd6663e7717ea54340e504cb16a59b5"
      url: "https://pub.dev"
    source: hosted
    version: "0.0.2"
  flutter_web_plugins:
    dependency: transitive
    description: flutter
    source: sdk
    version: "0.0.0"
  http:
    dependency: "direct main"
    description:
      name: http
      sha256: "5895291c13fa8a3bd82e76d5627f69e0d85ca6a30dcac95c4ea19a5d555879c2"
      url: "https://pub.dev"
    source: hosted
    version: "0.13.6"
  http_parser:
    dependency: transitive
    description:
      name: http_parser
      sha256: "76d306a1c3afb33fe82e2bbacad62a61f409b5634c915fceb0d799de1a913360"
      url: "https://pub.dev"
    source: hosted
    version: "4.1.1"
  lints:
    dependency: transitive
    description:
      name: lints
      sha256: "4a16b3f03741e1252fda5de3ce712666d010ba2122f8e912c94f9f7b90e1a4c3"
      url: "https://pub.dev"
    source: hosted
    version: "5.1.0"
  material_color_utilities:
    dependency: transitive
    description:
      name: material_color_utilities
      sha256: f7142bb1154231d7ea5f96bc7bde4bda2a0945d2806bb11670e30b850d56bdec
      url: "https://pub.dev"
    source: hosted
    version: "0.11.1"
  meta:
    dependency: transitive
    description:
      name: meta
      sha256: bdb68674043280c3428e9ec998512fb681678676b3c54e773629ffe74419f8c7
      url: "https://pub.dev"
    source: hosted
    version: "1.15.0"
  nested:
    dependency: transitive
    description:
      name: nested
      sha256: "03bac4c528c64c95c722ec99280375a6f2fc708eec17c7b3f07253b626cd2a20"
      url: "https://pub.dev"
    source: hosted
    version: "1.0.0"
  path:
    dependency: transitive
    description:
      name: path
      sha256: "087ce49c3f0dc39180befefc60fdb4acd8f8620e5682fe2476afd0b3688bb4af"
      url: "https://pub.dev"
    source: hosted
    version: "1.9.0"
  plugin_platform_interface:
    dependency: transitive
    description:
      name: plugin_platform_interface
      sha256: "4820fbfdb9478b1ebae27888254d445073732dae3d6ea81f0b7e06d5dedc3f02"
      url: "https://pub.dev"
    source: hosted
    version: "2.1.8"
  provider:
    dependency: "direct main"
    description:
      name: provider
      sha256: c8a055ee5ce3fd98d6fc872478b03823ffdb448699c6ebdbbc71d59b596fd48c
      url: "https://pub.dev"
    source: hosted
    version: "6.1.2"
  sky_engine:
    dependency: transitive
    description: flutter
    source: sdk
    version: "0.0.0"
  source_span:
    dependency: transitive
    description:
      name: source_span
      sha256: "53e943d4206a5e30df338fd4c6e7a077e02254531b138a15aec3bd143c1a8b3c"
      url: "https://pub.dev"
    source: hosted
    version: "1.10.0"
  string_scanner:
    dependency: transitive
    description:
      name: string_scanner
      sha256: "688af5ed3402a4bde5b3a6c15fd768dbf2621a614950b17f04626c431ab3c4c3"
      url: "https://pub.dev"
    source: hosted
    version: "1.3.0"
  telegram:
    dependency: "direct main"
    description:
      name: telegram
      sha256: d0902bf74cba2e4219cbf12cf50a31e2c7d09d057b5bc6db5455e952b605b3d1
      url: "https://pub.dev"
    source: hosted
    version: "0.0.7"
  term_glyph:
    dependency: transitive
    description:
      name: term_glyph
      sha256: a29248a84fbb7c79282b40b8c72a1209db169a2e0542bce341da992fe1bc7e84
      url: "https://pub.dev"
    source: hosted
    version: "1.2.1"
  typed_data:
    dependency: transitive
    description:
      name: typed_data
      sha256: f9049c039ebfeb4cf7a7104a675823cd72dba8297f264b6637062516699fa006
      url: "https://pub.dev"
    source: hosted
    version: "1.4.0"
  url_launcher:
    dependency: transitive
    description:
      name: url_launcher
      sha256: "9d06212b1362abc2f0f0d78e6f09f726608c74e3b9462e8368bb03314aa8d603"
      url: "https://pub.dev"
    source: hosted
    version: "6.3.1"
  url_launcher_android:
    dependency: transitive
    description:
      name: url_launcher_android
      sha256: "0dea215895a4d254401730ca0ba8204b29109a34a99fb06ae559a2b60988d2de"
      url: "https://pub.dev"
    source: hosted
    version: "6.3.13"
  url_launcher_ios:
    dependency: transitive
    description:
      name: url_launcher_ios
      sha256: e43b677296fadce447e987a2f519dcf5f6d1e527dc35d01ffab4fff5b8a7063e
      url: "https://pub.dev"
    source: hosted
    version: "6.3.1"
  url_launcher_linux:
    dependency: transitive
    description:
      name: url_launcher_linux
      sha256: e2b9622b4007f97f504cd64c0128309dfb978ae66adbe944125ed9e1750f06af
      url: "https://pub.dev"
    source: hosted
    version: "3.2.0"
  url_launcher_macos:
    dependency: transitive
    description:
      name: url_launcher_macos
      sha256: "769549c999acdb42b8bcfa7c43d72bf79a382ca7441ab18a808e101149daf672"
      url: "https://pub.dev"
    source: hosted
    version: "3.2.1"
  url_launcher_platform_interface:
    dependency: transitive
    description:
      name: url_launcher_platform_interface
      sha256: "552f8a1e663569be95a8190206a38187b531910283c3e982193e4f2733f01029"
      url: "https://pub.dev"
    source: hosted
    version: "2.3.2"
  url_launcher_web:
    dependency: transitive
    description:
      name: url_launcher_web
      sha256: "772638d3b34c779ede05ba3d38af34657a05ac55b06279ea6edd409e323dca8e"
      url: "https://pub.dev"
    source: hosted
    version: "2.3.3"
  url_launcher_windows:
    dependency: transitive
    description:
      name: url_launcher_windows
      sha256: "44cf3aabcedde30f2dba119a9dea3b0f2672fbe6fa96e85536251d678216b3c4"
      url: "https://pub.dev"
    source: hosted
    version: "3.1.3"
  vector_math:
    dependency: transitive
    description:
      name: vector_math
      sha256: "80b3257d1492ce4d091729e3a67a60407d227c27241d6927be0130c98e741803"
      url: "https://pub.dev"
    source: hosted
    version: "2.1.4"
  web:
    dependency: transitive
    description:
      name: web
      sha256: cd3543bd5798f6ad290ea73d210f423502e71900302dde696f8bff84bf89a1cb
      url: "https://pub.dev"
    source: hosted
    version: "1.1.0"
sdks:
  dart: ">=3.6.0-334.3.beta <4.0.0"
  flutter: ">=3.24.0"
